// !$*UTF8*$!
{
	archiveVersion = 1;
	classes = {
	};
	objectVersion = 50;
	objects = {

/* Begin PBXBuildFile section */
		FEB0A8CF26CA15F30091A8A3 /* AppDelegate.swift in Sources */ = {isa = PBXBuildFile; fileRef = FEB0A8CE26CA15F30091A8A3 /* AppDelegate.swift */; };
		FEB0A8D126CA15F30091A8A3 /* SceneDelegate.swift in Sources */ = {isa = PBXBuildFile; fileRef = FEB0A8D026CA15F30091A8A3 /* SceneDelegate.swift */; };
		FEB0A8D326CA15F30091A8A3 /* ViewController.swift in Sources */ = {isa = PBXBuildFile; fileRef = FEB0A8D226CA15F30091A8A3 /* ViewController.swift */; };
		FEB0A8D626CA15F30091A8A3 /* Main.storyboard in Resources */ = {isa = PBXBuildFile; fileRef = FEB0A8D426CA15F30091A8A3 /* Main.storyboard */; };
		FEB0A8D826CA15F40091A8A3 /* Assets.xcassets in Resources */ = {isa = PBXBuildFile; fileRef = FEB0A8D726CA15F40091A8A3 /* Assets.xcassets */; };
		FEB0A8DB26CA15F40091A8A3 /* LaunchScreen.storyboard in Resources */ = {isa = PBXBuildFile; fileRef = FEB0A8D926CA15F40091A8A3 /* LaunchScreen.storyboard */; };
		FEB0A8E426CA18890091A8A3 /* ResultViewController.swift in Sources */ = {isa = PBXBuildFile; fileRef = FEB0A8E326CA18890091A8A3 /* ResultViewController.swift */; };
		FEB0A90626CA1E950091A8A3 /* 7.jpeg in Resources */ = {isa = PBXBuildFile; fileRef = FEB0A8FC26CA1E950091A8A3 /* 7.jpeg */; };
		FEB0A90726CA1E950091A8A3 /* 8.jpeg in Resources */ = {isa = PBXBuildFile; fileRef = FEB0A8FD26CA1E950091A8A3 /* 8.jpeg */; };
		FEB0A90826CA1E950091A8A3 /* 5.jpeg in Resources */ = {isa = PBXBuildFile; fileRef = FEB0A8FE26CA1E950091A8A3 /* 5.jpeg */; };
		FEB0A90926CA1E950091A8A3 /* 6.jpeg in Resources */ = {isa = PBXBuildFile; fileRef = FEB0A8FF26CA1E950091A8A3 /* 6.jpeg */; };
		FEB0A90A26CA1E950091A8A3 /* 3.jpeg in Resources */ = {isa = PBXBuildFile; fileRef = FEB0A90026CA1E950091A8A3 /* 3.jpeg */; };
		FEB0A90B26CA1E950091A8A3 /* 10.jpeg in Resources */ = {isa = PBXBuildFile; fileRef = FEB0A90126CA1E950091A8A3 /* 10.jpeg */; };
		FEB0A90C26CA1E950091A8A3 /* 2.jpeg in Resources */ = {isa = PBXBuildFile; fileRef = FEB0A90226CA1E950091A8A3 /* 2.jpeg */; };
		FEB0A90D26CA1E950091A8A3 /* 4.jpeg in Resources */ = {isa = PBXBuildFile; fileRef = FEB0A90326CA1E950091A8A3 /* 4.jpeg */; };
		FEB0A90E26CA1E950091A8A3 /* 9.jpeg in Resources */ = {isa = PBXBuildFile; fileRef = FEB0A90426CA1E950091A8A3 /* 9.jpeg */; };
		FEB0A90F26CA1E950091A8A3 /* 1.jpeg in Resources */ = {isa = PBXBuildFile; fileRef = FEB0A90526CA1E950091A8A3 /* 1.jpeg */; };
/* End PBXBuildFile section */

/* Begin PBXFileReference section */
		FEB0A8CB26CA15F30091A8A3 /* SlideshowApp_2.app */ = {isa = PBXFileReference; explicitFileType = wrapper.application; includeInIndex = 0; path = SlideshowApp_2.app; sourceTree = BUILT_PRODUCTS_DIR; };
		FEB0A8CE26CA15F30091A8A3 /* AppDelegate.swift */ = {isa = PBXFileReference; lastKnownFileType = sourcecode.swift; path = AppDelegate.swift; sourceTree = "<group>"; };
		FEB0A8D026CA15F30091A8A3 /* SceneDelegate.swift */ = {isa = PBXFileReference; lastKnownFileType = sourcecode.swift; path = SceneDelegate.swift; sourceTree = "<group>"; };
		FEB0A8D226CA15F30091A8A3 /* ViewController.swift */ = {isa = PBXFileReference; lastKnownFileType = sourcecode.swift; path = ViewController.swift; sourceTree = "<group>"; };
		FEB0A8D526CA15F30091A8A3 /* Base */ = {isa = PBXFileReference; lastKnownFileType = file.storyboard; name = Base; path = Base.lproj/Main.storyboard; sourceTree = "<group>"; };
		FEB0A8D726CA15F40091A8A3 /* Assets.xcassets */ = {isa = PBXFileReference; lastKnownFileType = folder.assetcatalog; path = Assets.xcassets; sourceTree = "<group>"; };
		FEB0A8DA26CA15F40091A8A3 /* Base */ = {isa = PBXFileReference; lastKnownFileType = file.storyboard; name = Base; path = Base.lproj/LaunchScreen.storyboard; sourceTree = "<group>"; };
		FEB0A8DC26CA15F40091A8A3 /* Info.plist */ = {isa = PBXFileReference; lastKnownFileType = text.plist.xml; path = Info.plist; sourceTree = "<group>"; };
		FEB0A8E326CA18890091A8A3 /* ResultViewController.swift */ = {isa = PBXFileReference; lastKnownFileType = sourcecode.swift; path = ResultViewController.swift; sourceTree = "<group>"; };
		FEB0A8FC26CA1E950091A8A3 /* 7.jpeg */ = {isa = PBXFileReference; lastKnownFileType = image.jpeg; path = 7.jpeg; sourceTree = "<group>"; };
		FEB0A8FD26CA1E950091A8A3 /* 8.jpeg */ = {isa = PBXFileReference; lastKnownFileType = image.jpeg; path = 8.jpeg; sourceTree = "<group>"; };
		FEB0A8FE26CA1E950091A8A3 /* 5.jpeg */ = {isa = PBXFileReference; lastKnownFileType = image.jpeg; path = 5.jpeg; sourceTree = "<group>"; };
		FEB0A8FF26CA1E950091A8A3 /* 6.jpeg */ = {isa = PBXFileReference; lastKnownFileType = image.jpeg; path = 6.jpeg; sourceTree = "<group>"; };
		FEB0A90026CA1E950091A8A3 /* 3.jpeg */ = {isa = PBXFileReference; lastKnownFileType = image.jpeg; path = 3.jpeg; sourceTree = "<group>"; };
		FEB0A90126CA1E950091A8A3 /* 10.jpeg */ = {isa = PBXFileReference; lastKnownFileType = image.jpeg; path = 10.jpeg; sourceTree = "<group>"; };
		FEB0A90226CA1E950091A8A3 /* 2.jpeg */ = {isa = PBXFileReference; lastKnownFileType = image.jpeg; path = 2.jpeg; sourceTree = "<group>"; };
		FEB0A90326CA1E950091A8A3 /* 4.jpeg */ = {isa = PBXFileReference; lastKnownFileType = image.jpeg; path = 4.jpeg; sourceTree = "<group>"; };
		FEB0A90426CA1E950091A8A3 /* 9.jpeg */ = {isa = PBXFileReference; lastKnownFileType = image.jpeg; path = 9.jpeg; sourceTree = "<group>"; };
		FEB0A90526CA1E950091A8A3 /* 1.jpeg */ = {isa = PBXFileReference; lastKnownFileType = image.jpeg; path = 1.jpeg; sourceTree = "<group>"; };
/* End PBXFileReference section */

/* Begin PBXFrameworksBuildPhase section */
		FEB0A8C826CA15F30091A8A3 /* Frameworks */ = {
			isa = PBXFrameworksBuildPhase;
			buildActionMask = 2147483647;
			files = (
			);
			runOnlyForDeploymentPostprocessing = 0;
		};
/* End PBXFrameworksBuildPhase section */

/* Begin PBXGroup section */
		FEB0A8C226CA15F30091A8A3 = {
			isa = PBXGroup;
			children = (
				FEB0A8CD26CA15F30091A8A3 /* SlideshowApp_2 */,
				FEB0A8CC26CA15F30091A8A3 /* Products */,
			);
			sourceTree = "<group>";
		};
		FEB0A8CC26CA15F30091A8A3 /* Products */ = {
			isa = PBXGroup;
			children = (
				FEB0A8CB26CA15F30091A8A3 /* SlideshowApp_2.app */,
			);
			name = Products;
			sourceTree = "<group>";
		};
		FEB0A8CD26CA15F30091A8A3 /* SlideshowApp_2 */ = {
			isa = PBXGroup;
			children = (
				FEB0A90526CA1E950091A8A3 /* 1.jpeg */,
				FEB0A90226CA1E950091A8A3 /* 2.jpeg */,
				FEB0A90026CA1E950091A8A3 /* 3.jpeg */,
				FEB0A90326CA1E950091A8A3 /* 4.jpeg */,
				FEB0A8FE26CA1E950091A8A3 /* 5.jpeg */,
				FEB0A8FF26CA1E950091A8A3 /* 6.jpeg */,
				FEB0A8FC26CA1E950091A8A3 /* 7.jpeg */,
				FEB0A8FD26CA1E950091A8A3 /* 8.jpeg */,
				FEB0A90426CA1E950091A8A3 /* 9.jpeg */,
				FEB0A90126CA1E950091A8A3 /* 10.jpeg */,
				FEB0A8CE26CA15F30091A8A3 /* AppDelegate.swift */,
				FEB0A8D026CA15F30091A8A3 /* SceneDelegate.swift */,
				FEB0A8D226CA15F30091A8A3 /* ViewController.swift */,
				FEB0A8E326CA18890091A8A3 /* ResultViewController.swift */,
				FEB0A8D426CA15F30091A8A3 /* Main.storyboard */,
				FEB0A8D726CA15F40091A8A3 /* Assets.xcassets */,
				FEB0A8D926CA15F40091A8A3 /* LaunchScreen.storyboard */,
				FEB0A8DC26CA15F40091A8A3 /* Info.plist */,
			);
			path = SlideshowApp_2;
			sourceTree = "<group>";
		};
/* End PBXGroup section */

/* Begin PBXNativeTarget section */
		FEB0A8CA26CA15F30091A8A3 /* SlideshowApp_2 */ = {
			isa = PBXNativeTarget;
			buildConfigurationList = FEB0A8DF26CA15F40091A8A3 /* Build configuration list for PBXNativeTarget "SlideshowApp_2" */;
			buildPhases = (
				FEB0A8C726CA15F30091A8A3 /* Sources */,
				FEB0A8C826CA15F30091A8A3 /* Frameworks */,
				FEB0A8C926CA15F30091A8A3 /* Resources */,
			);
			buildRules = (
			);
			dependencies = (
			);
			name = SlideshowApp_2;
			productName = SlideshowApp_2;
			productReference = FEB0A8CB26CA15F30091A8A3 /* SlideshowApp_2.app */;
			productType = "com.apple.product-type.application";
		};
/* End PBXNativeTarget section */

/* Begin PBXProject section */
		FEB0A8C326CA15F30091A8A3 /* Project object */ = {
			isa = PBXProject;
			attributes = {
				LastSwiftUpdateCheck = 1220;
				LastUpgradeCheck = 1220;
				TargetAttributes = {
					FEB0A8CA26CA15F30091A8A3 = {
						CreatedOnToolsVersion = 12.2;
					};
				};
			};
			buildConfigurationList = FEB0A8C626CA15F30091A8A3 /* Build configuration list for PBXProject "SlideshowApp_2" */;
			compatibilityVersion = "Xcode 9.3";
			developmentRegion = en;
			hasScannedForEncodings = 0;
			knownRegions = (
				en,
				Base,
			);
			mainGroup = FEB0A8C226CA15F30091A8A3;
			productRefGroup = FEB0A8CC26CA15F30091A8A3 /* Products */;
			projectDirPath = "";
			projectRoot = "";
			targets = (
				FEB0A8CA26CA15F30091A8A3 /* SlideshowApp_2 */,
			);
		};
/* End PBXProject section */

/* Begin PBXResourcesBuildPhase section */
		FEB0A8C926CA15F30091A8A3 /* Resources */ = {
			isa = PBXResourcesBuildPhase;
			buildActionMask = 2147483647;
			files = (
				FEB0A90F26CA1E950091A8A3 /* 1.jpeg in Resources */,
				FEB0A90C26CA1E950091A8A3 /* 2.jpeg in Resources */,
				FEB0A90726CA1E950091A8A3 /* 8.jpeg in Resources */,
				FEB0A8DB26CA15F40091A8A3 /* LaunchScreen.storyboard in Resources */,
				FEB0A90E26CA1E950091A8A3 /* 9.jpeg in Resources */,
				FEB0A90926CA1E950091A8A3 /* 6.jpeg in Resources */,
				FEB0A90B26CA1E950091A8A3 /* 10.jpeg in Resources */,
				FEB0A90626CA1E950091A8A3 /* 7.jpeg in Resources */,
				FEB0A8D826CA15F40091A8A3 /* Assets.xcassets in Resources */,
				FEB0A90A26CA1E950091A8A3 /* 3.jpeg in Resources */,
				FEB0A90D26CA1E950091A8A3 /* 4.jpeg in Resources */,
				FEB0A8D626CA15F30091A8A3 /* Main.storyboard in Resources */,
				FEB0A90826CA1E950091A8A3 /* 5.jpeg in Resources */,
			);
			runOnlyForDeploymentPostprocessing = 0;
		};
/* End PBXResourcesBuildPhase section */

/* Begin PBXSourcesBuildPhase section */
		FEB0A8C726CA15F30091A8A3 /* Sources */ = {
			isa = PBXSourcesBuildPhase;
			buildActionMask = 2147483647;
			files = (
				FEB0A8D326CA15F30091A8A3 /* ViewController.swift in Sources */,
				FEB0A8CF26CA15F30091A8A3 /* AppDelegate.swift in Sources */,
				FEB0A8D126CA15F30091A8A3 /* SceneDelegate.swift in Sources */,
				FEB0A8E426CA18890091A8A3 /* ResultViewController.swift in Sources */,
			);
			runOnlyForDeploymentPostprocessing = 0;
		};
/* End PBXSourcesBuildPhase section */

/* Begin PBXVariantGroup section */
		FEB0A8D426CA15F30091A8A3 /* Main.storyboard */ = {
			isa = PBXVariantGroup;
			children = (
				FEB0A8D526CA15F30091A8A3 /* Base */,
			);
			name = Main.storyboard;
			sourceTree = "<group>";
		};
		FEB0A8D926CA15F40091A8A3 /* LaunchScreen.storyboard */ = {
			isa = PBXVariantGroup;
			children = (
				FEB0A8DA26CA15F40091A8A3 /* Base */,
			);
			name = LaunchScreen.storyboard;
			sourceTree = "<group>";
		};
/* End PBXVariantGroup section */

/* Begin XCBuildConfiguration section */
		FEB0A8DD26CA15F40091A8A3 /* Debug */ = {
			isa = XCBuildConfiguration;
			buildSettings = {
				ALWAYS_SEARCH_USER_PATHS = NO;
				CLANG_ANALYZER_NONNULL = YES;
				CLANG_ANALYZER_NUMBER_OBJECT_CONVERSION = YES_AGGRESSIVE;
				CLANG_CXX_LANGUAGE_STANDARD = "gnu++14";
				CLANG_CXX_LIBRARY = "libc++";
				CLANG_ENABLE_MODULES = YES;
				CLANG_ENABLE_OBJC_ARC = YES;
				CLANG_ENABLE_OBJC_WEAK = YES;
				CLANG_WARN_BLOCK_CAPTURE_AUTORELEASING = YES;
				CLANG_WARN_BOOL_CONVERSION = YES;
				CLANG_WARN_COMMA = YES;
				CLANG_WARN_CONSTANT_CONVERSION = YES;
				CLANG_WARN_DEPRECATED_OBJC_IMPLEMENTATIONS = YES;
				CLANG_WARN_DIRECT_OBJC_ISA_USAGE = YES_ERROR;
				CLANG_WARN_DOCUMENTATION_COMMENTS = YES;
				CLANG_WARN_EMPTY_BODY = YES;
				CLANG_WARN_ENUM_CONVERSION = YES;
				CLANG_WARN_INFINITE_RECURSION = YES;
				CLANG_WARN_INT_CONVERSION = YES;
				CLANG_WARN_NON_LITERAL_NULL_CONVERSION = YES;
				CLANG_WARN_OBJC_IMPLICIT_RETAIN_SELF = YES;
				CLANG_WARN_OBJC_LITERAL_CONVERSION = YES;
				CLANG_WARN_OBJC_ROOT_CLASS = YES_ERROR;
				CLANG_WARN_QUOTED_INCLUDE_IN_FRAMEWORK_HEADER = YES;
				CLANG_WARN_RANGE_LOOP_ANALYSIS = YES;
				CLANG_WARN_STRICT_PROTOTYPES = YES;
				CLANG_WARN_SUSPICIOUS_MOVE = YES;
				CLANG_WARN_UNGUARDED_AVAILABILITY = YES_AGGRESSIVE;
				CLANG_WARN_UNREACHABLE_CODE = YES;
				CLANG_WARN__DUPLICATE_METHOD_MATCH = YES;
				COPY_PHASE_STRIP = NO;
				DEBUG_INFORMATION_FORMAT = dwarf;
				ENABLE_STRICT_OBJC_MSGSEND = YES;
				ENABLE_TESTABILITY = YES;
				GCC_C_LANGUAGE_STANDARD = gnu11;
				GCC_DYNAMIC_NO_PIC = NO;
				GCC_NO_COMMON_BLOCKS = YES;
				GCC_OPTIMIZATION_LEVEL = 0;
				GCC_PREPROCESSOR_DEFINITIONS = (
					"DEBUG=1",
					"$(inherited)",
				);
				GCC_WARN_64_TO_32_BIT_CONVERSION = YES;
				GCC_WARN_ABOUT_RETURN_TYPE = YES_ERROR;
				GCC_WARN_UNDECLARED_SELECTOR = YES;
				GCC_WARN_UNINITIALIZED_AUTOS = YES_AGGRESSIVE;
				GCC_WARN_UNUSED_FUNCTION = YES;
				GCC_WARN_UNUSED_VARIABLE = YES;
				IPHONEOS_DEPLOYMENT_TARGET = 14.2;
				MTL_ENABLE_DEBUG_INFO = INCLUDE_SOURCE;
				MTL_FAST_MATH = YES;
				ONLY_ACTIVE_ARCH = YES;
				SDKROOT = iphoneos;
				SWIFT_ACTIVE_COMPILATION_CONDITIONS = DEBUG;
				SWIFT_OPTIMIZATION_LEVEL = "-Onone";
			};
			name = Debug;
		};
		FEB0A8DE26CA15F40091A8A3 /* Release */ = {
			isa = XCBuildConfiguration;
			buildSettings = {
				ALWAYS_SEARCH_USER_PATHS = NO;
				CLANG_ANALYZER_NONNULL = YES;
				CLANG_ANALYZER_NUMBER_OBJECT_CONVERSION = YES_AGGRESSIVE;
				CLANG_CXX_LANGUAGE_STANDARD = "gnu++14";
				CLANG_CXX_LIBRARY = "libc++";
				CLANG_ENABLE_MODULES = YES;
				CLANG_ENABLE_OBJC_ARC = YES;
				CLANG_ENABLE_OBJC_WEAK = YES;
				CLANG_WARN_BLOCK_CAPTURE_AUTORELEASING = YES;
				CLANG_WARN_BOOL_CONVERSION = YES;
				CLANG_WARN_COMMA = YES;
				CLANG_WARN_CONSTANT_CONVERSION = YES;
				CLANG_WARN_DEPRECATED_OBJC_IMPLEMENTATIONS = YES;
				CLANG_WARN_DIRECT_OBJC_ISA_USAGE = YES_ERROR;
				CLANG_WARN_DOCUMENTATION_COMMENTS = YES;
				CLANG_WARN_EMPTY_BODY = YES;
				CLANG_WARN_ENUM_CONVERSION = YES;
				CLANG_WARN_INFINITE_RECURSION = YES;
				CLANG_WARN_INT_CONVERSION = YES;
				CLANG_WARN_NON_LITERAL_NULL_CONVERSION = YES;
				CLANG_WARN_OBJC_IMPLICIT_RETAIN_SELF = YES;
				CLANG_WARN_OBJC_LITERAL_CONVERSION = YES;
				CLANG_WARN_OBJC_ROOT_CLASS = YES_ERROR;
				CLANG_WARN_QUOTED_INCLUDE_IN_FRAMEWORK_HEADER = YES;
				CLANG_WARN_RANGE_LOOP_ANALYSIS = YES;
				CLANG_WARN_STRICT_PROTOTYPES = YES;
				CLANG_WARN_SUSPICIOUS_MOVE = YES;
				CLANG_WARN_UNGUARDED_AVAILABILITY = YES_AGGRESSIVE;
				CLANG_WARN_UNREACHABLE_CODE = YES;
				CLANG_WARN__DUPLICATE_METHOD_MATCH = YES;
				COPY_PHASE_STRIP = NO;
				DEBUG_INFORMATION_FORMAT = "dwarf-with-dsym";
				ENABLE_NS_ASSERTIONS = NO;
				ENABLE_STRICT_OBJC_MSGSEND = YES;
				GCC_C_LANGUAGE_STANDARD = gnu11;
				GCC_NO_COMMON_BLOCKS = YES;
				GCC_WARN_64_TO_32_BIT_CONVERSION = YES;
				GCC_WARN_ABOUT_RETURN_TYPE = YES_ERROR;
				GCC_WARN_UNDECLARED_SELECTOR = YES;
				GCC_WARN_UNINITIALIZED_AUTOS = YES_AGGRESSIVE;
				GCC_WARN_UNUSED_FUNCTION = YES;
				GCC_WARN_UNUSED_VARIABLE = YES;
				IPHONEOS_DEPLOYMENT_TARGET = 14.2;
				MTL_ENABLE_DEBUG_INFO = NO;
				MTL_FAST_MATH = YES;
				SDKROOT = iphoneos;
				SWIFT_COMPILATION_MODE = wholemodule;
				SWIFT_OPTIMIZATION_LEVEL = "-O";
				VALIDATE_PRODUCT = YES;
			};
			name = Release;
		};
		FEB0A8E026CA15F40091A8A3 /* Debug */ = {
			isa = XCBuildConfiguration;
			buildSettings = {
				ASSETCATALOG_COMPILER_APPICON_NAME = AppIcon;
				ASSETCATALOG_COMPILER_GLOBAL_ACCENT_COLOR_NAME = AccentColor;
				CODE_SIGN_STYLE = Automatic;
				DEVELOPMENT_TEAM = TC999G82H6;
				INFOPLIST_FILE = SlideshowApp_2/Info.plist;
				LD_RUNPATH_SEARCH_PATHS = (
					"$(inherited)",
					"@executable_path/Frameworks",
				);
				PRODUCT_BUNDLE_IDENTIFIER = "jp.techacademy.taro.kirameki.SlideshowApp-2";
				PRODUCT_NAME = "$(TARGET_NAME)";
				SWIFT_VERSION = 5.0;
				TARGETED_DEVICE_FAMILY = "1,2";
			};
			name = Debug;
		};
		FEB0A8E126CA15F40091A8A3 /* Release */ = {
			isa = XCBuildConfiguration;
			buildSettings = {
				ASSETCATALOG_COMPILER_APPICON_NAME = AppIcon;
				ASSETCATALOG_COMPILER_GLOBAL_ACCENT_COLOR_NAME = AccentColor;
				CODE_SIGN_STYLE = Automatic;
				DEVELOPMENT_TEAM = TC999G82H6;
				INFOPLIST_FILE = SlideshowApp_2/Info.plist;
				LD_RUNPATH_SEARCH_PATHS = (
					"$(inherited)",
					"@executable_path/Frameworks",
				);
				PRODUCT_BUNDLE_IDENTIFIER = "jp.techacademy.taro.kirameki.SlideshowApp-2";
				PRODUCT_NAME = "$(TARGET_NAME)";
				SWIFT_VERSION = 5.0;
				TARGETED_DEVICE_FAMILY = "1,2";
			};
			name = Release;
		};
/* End XCBuildConfiguration section */

/* Begin XCConfigurationList section */
		FEB0A8C626CA15F30091A8A3 /* Build configuration list for PBXProject "SlideshowApp_2" */ = {
			isa = XCConfigurationList;
			buildConfigurations = (
				FEB0A8DD26CA15F40091A8A3 /* Debug */,
				FEB0A8DE26CA15F40091A8A3 /* Release */,
			);
			defaultConfigurationIsVisible = 0;
			defaultConfigurationName = Release;
		};
		FEB0A8DF26CA15F40091A8A3 /* Build configuration list for PBXNativeTarget "SlideshowApp_2" */ = {
			isa = XCConfigurationList;
			buildConfigurations = (
				FEB0A8E026CA15F40091A8A3 /* Debug */,
				FEB0A8E126CA15F40091A8A3 /* Release */,
			);
			defaultConfigurationIsVisible = 0;
			defaultConfigurationName = Release;
		};
/* End XCConfigurationList section */
	};
	rootObject = FEB0A8C326CA15F30091A8A3 /* Project object */;
}
